// !$*UTF8*$!
{
	archiveVersion = 1;
	classes = {
	};
	objectVersion = 48;
	objects = {

/* Begin PBXBuildFile section */
		49CC3B17204ADEB60041EE8C /* AppDelegate.swift in Sources */ = {isa = PBXBuildFile; fileRef = 49CC3B16204ADEB60041EE8C /* AppDelegate.swift */; };
		49CC3B19204ADEB60041EE8C /* ViewController.swift in Sources */ = {isa = PBXBuildFile; fileRef = 49CC3B18204ADEB60041EE8C /* ViewController.swift */; };
		49CC3B1C204ADEB60041EE8C /* Main.storyboard in Resources */ = {isa = PBXBuildFile; fileRef = 49CC3B1A204ADEB60041EE8C /* Main.storyboard */; };
		49CC3B1E204ADEB60041EE8C /* Assets.xcassets in Resources */ = {isa = PBXBuildFile; fileRef = 49CC3B1D204ADEB60041EE8C /* Assets.xcassets */; };
		49CC3B21204ADEB70041EE8C /* LaunchScreen.storyboard in Resources */ = {isa = PBXBuildFile; fileRef = 49CC3B1F204ADEB60041EE8C /* LaunchScreen.storyboard */; };
		49CC3B2C204ADEB70041EE8C /* FT_simpleTests.swift in Sources */ = {isa = PBXBuildFile; fileRef = 49CC3B2B204ADEB70041EE8C /* FT_simpleTests.swift */; };
		49CC3B37204ADEB70041EE8C /* FT_simpleUITests.swift in Sources */ = {isa = PBXBuildFile; fileRef = 49CC3B36204ADEB70041EE8C /* FT_simpleUITests.swift */; };
		49CC3B45204ADEFB0041EE8C /* FT_model.swift in Sources */ = {isa = PBXBuildFile; fileRef = 49CC3B44204ADEFB0041EE8C /* FT_model.swift */; };
/* End PBXBuildFile section */

/* Begin PBXContainerItemProxy section */
		49CC3B28204ADEB70041EE8C /* PBXContainerItemProxy */ = {
			isa = PBXContainerItemProxy;
			containerPortal = 49CC3B0B204ADEB60041EE8C /* Project object */;
			proxyType = 1;
			remoteGlobalIDString = 49CC3B12204ADEB60041EE8C;
			remoteInfo = FT_simple;
		};
		49CC3B33204ADEB70041EE8C /* PBXContainerItemProxy */ = {
			isa = PBXContainerItemProxy;
			containerPortal = 49CC3B0B204ADEB60041EE8C /* Project object */;
			proxyType = 1;
			remoteGlobalIDString = 49CC3B12204ADEB60041EE8C;
			remoteInfo = FT_simple;
		};
/* End PBXContainerItemProxy section */

/* Begin PBXFileReference section */
		49CC3B13204ADEB60041EE8C /* FT_simple.app */ = {isa = PBXFileReference; explicitFileType = wrapper.application; includeInIndex = 0; path = FT_simple.app; sourceTree = BUILT_PRODUCTS_DIR; };
		49CC3B16204ADEB60041EE8C /* AppDelegate.swift */ = {isa = PBXFileReference; lastKnownFileType = sourcecode.swift; path = AppDelegate.swift; sourceTree = "<group>"; };
		49CC3B18204ADEB60041EE8C /* ViewController.swift */ = {isa = PBXFileReference; lastKnownFileType = sourcecode.swift; path = ViewController.swift; sourceTree = "<group>"; };
		49CC3B1B204ADEB60041EE8C /* Base */ = {isa = PBXFileReference; lastKnownFileType = file.storyboard; name = Base; path = Base.lproj/Main.storyboard; sourceTree = "<group>"; };
		49CC3B1D204ADEB60041EE8C /* Assets.xcassets */ = {isa = PBXFileReference; lastKnownFileType = folder.assetcatalog; path = Assets.xcassets; sourceTree = "<group>"; };
		49CC3B20204ADEB60041EE8C /* Base */ = {isa = PBXFileReference; lastKnownFileType = file.storyboard; name = Base; path = Base.lproj/LaunchScreen.storyboard; sourceTree = "<group>"; };
		49CC3B22204ADEB70041EE8C /* Info.plist */ = {isa = PBXFileReference; lastKnownFileType = text.plist.xml; path = Info.plist; sourceTree = "<group>"; };
		49CC3B27204ADEB70041EE8C /* FT_simpleTests.xctest */ = {isa = PBXFileReference; explicitFileType = wrapper.cfbundle; includeInIndex = 0; path = FT_simpleTests.xctest; sourceTree = BUILT_PRODUCTS_DIR; };
		49CC3B2B204ADEB70041EE8C /* FT_simpleTests.swift */ = {isa = PBXFileReference; lastKnownFileType = sourcecode.swift; path = FT_simpleTests.swift; sourceTree = "<group>"; };
		49CC3B2D204ADEB70041EE8C /* Info.plist */ = {isa = PBXFileReference; lastKnownFileType = text.plist.xml; path = Info.plist; sourceTree = "<group>"; };
		49CC3B32204ADEB70041EE8C /* FT_simpleUITests.xctest */ = {isa = PBXFileReference; explicitFileType = wrapper.cfbundle; includeInIndex = 0; path = FT_simpleUITests.xctest; sourceTree = BUILT_PRODUCTS_DIR; };
		49CC3B36204ADEB70041EE8C /* FT_simpleUITests.swift */ = {isa = PBXFileReference; lastKnownFileType = sourcecode.swift; path = FT_simpleUITests.swift; sourceTree = "<group>"; };
		49CC3B38204ADEB70041EE8C /* Info.plist */ = {isa = PBXFileReference; lastKnownFileType = text.plist.xml; path = Info.plist; sourceTree = "<group>"; };
		49CC3B44204ADEFB0041EE8C /* FT_model.swift */ = {isa = PBXFileReference; lastKnownFileType = sourcecode.swift; path = FT_model.swift; sourceTree = "<group>"; };
/* End PBXFileReference section */

/* Begin PBXFrameworksBuildPhase section */
		49CC3B10204ADEB60041EE8C /* Frameworks */ = {
			isa = PBXFrameworksBuildPhase;
			buildActionMask = 2147483647;
			files = (
			);
			runOnlyForDeploymentPostprocessing = 0;
		};
		49CC3B24204ADEB70041EE8C /* Frameworks */ = {
			isa = PBXFrameworksBuildPhase;
			buildActionMask = 2147483647;
			files = (
			);
			runOnlyForDeploymentPostprocessing = 0;
		};
		49CC3B2F204ADEB70041EE8C /* Frameworks */ = {
			isa = PBXFrameworksBuildPhase;
			buildActionMask = 2147483647;
			files = (
			);
			runOnlyForDeploymentPostprocessing = 0;
		};
/* End PBXFrameworksBuildPhase section */

/* Begin PBXGroup section */
		49CC3B0A204ADEB60041EE8C = {
			isa = PBXGroup;
			children = (
				49CC3B15204ADEB60041EE8C /* FT_simple */,
				49CC3B2A204ADEB70041EE8C /* FT_simpleTests */,
				49CC3B35204ADEB70041EE8C /* FT_simpleUITests */,
				49CC3B14204ADEB60041EE8C /* Products */,
			);
			sourceTree = "<group>";
		};
		49CC3B14204ADEB60041EE8C /* Products */ = {
			isa = PBXGroup;
			children = (
				49CC3B13204ADEB60041EE8C /* FT_simple.app */,
				49CC3B27204ADEB70041EE8C /* FT_simpleTests.xctest */,
				49CC3B32204ADEB70041EE8C /* FT_simpleUITests.xctest */,
			);
			name = Products;
			sourceTree = "<group>";
		};
		49CC3B15204ADEB60041EE8C /* FT_simple */ = {
			isa = PBXGroup;
			children = (
				49CC3B44204ADEFB0041EE8C /* FT_model.swift */,
				49CC3B16204ADEB60041EE8C /* AppDelegate.swift */,
				49CC3B18204ADEB60041EE8C /* ViewController.swift */,
				49CC3B1A204ADEB60041EE8C /* Main.storyboard */,
				49CC3B1D204ADEB60041EE8C /* Assets.xcassets */,
				49CC3B1F204ADEB60041EE8C /* LaunchScreen.storyboard */,
				49CC3B22204ADEB70041EE8C /* Info.plist */,
			);
			path = FT_simple;
			sourceTree = "<group>";
		};
		49CC3B2A204ADEB70041EE8C /* FT_simpleTests */ = {
			isa = PBXGroup;
			children = (
				49CC3B2B204ADEB70041EE8C /* FT_simpleTests.swift */,
				49CC3B2D204ADEB70041EE8C /* Info.plist */,
			);
			path = FT_simpleTests;
			sourceTree = "<group>";
		};
		49CC3B35204ADEB70041EE8C /* FT_simpleUITests */ = {
			isa = PBXGroup;
			children = (
				49CC3B36204ADEB70041EE8C /* FT_simpleUITests.swift */,
				49CC3B38204ADEB70041EE8C /* Info.plist */,
			);
			path = FT_simpleUITests;
			sourceTree = "<group>";
		};
/* End PBXGroup section */

/* Begin PBXNativeTarget section */
		49CC3B12204ADEB60041EE8C /* FT_simple */ = {
			isa = PBXNativeTarget;
			buildConfigurationList = 49CC3B3B204ADEB70041EE8C /* Build configuration list for PBXNativeTarget "FT_simple" */;
			buildPhases = (
				49CC3B0F204ADEB60041EE8C /* Sources */,
				49CC3B10204ADEB60041EE8C /* Frameworks */,
				49CC3B11204ADEB60041EE8C /* Resources */,
			);
			buildRules = (
			);
			dependencies = (
			);
			name = FT_simple;
			productName = FT_simple;
			productReference = 49CC3B13204ADEB60041EE8C /* FT_simple.app */;
			productType = "com.apple.product-type.application";
		};
		49CC3B26204ADEB70041EE8C /* FT_simpleTests */ = {
			isa = PBXNativeTarget;
			buildConfigurationList = 49CC3B3E204ADEB70041EE8C /* Build configuration list for PBXNativeTarget "FT_simpleTests" */;
			buildPhases = (
				49CC3B23204ADEB70041EE8C /* Sources */,
				49CC3B24204ADEB70041EE8C /* Frameworks */,
				49CC3B25204ADEB70041EE8C /* Resources */,
			);
			buildRules = (
			);
			dependencies = (
				49CC3B29204ADEB70041EE8C /* PBXTargetDependency */,
			);
			name = FT_simpleTests;
			productName = FT_simpleTests;
			productReference = 49CC3B27204ADEB70041EE8C /* FT_simpleTests.xctest */;
			productType = "com.apple.product-type.bundle.unit-test";
		};
		49CC3B31204ADEB70041EE8C /* FT_simpleUITests */ = {
			isa = PBXNativeTarget;
			buildConfigurationList = 49CC3B41204ADEB70041EE8C /* Build configuration list for PBXNativeTarget "FT_simpleUITests" */;
			buildPhases = (
				49CC3B2E204ADEB70041EE8C /* Sources */,
				49CC3B2F204ADEB70041EE8C /* Frameworks */,
				49CC3B30204ADEB70041EE8C /* Resources */,
			);
			buildRules = (
			);
			dependencies = (
				49CC3B34204ADEB70041EE8C /* PBXTargetDependency */,
			);
			name = FT_simpleUITests;
			productName = FT_simpleUITests;
			productReference = 49CC3B32204ADEB70041EE8C /* FT_simpleUITests.xctest */;
			productType = "com.apple.product-type.bundle.ui-testing";
		};
/* End PBXNativeTarget section */

/* Begin PBXProject section */
		49CC3B0B204ADEB60041EE8C /* Project object */ = {
			isa = PBXProject;
			attributes = {
				LastSwiftUpdateCheck = 0920;
				LastUpgradeCheck = 1130;
				ORGANIZATIONNAME = "Mats Hammarqvist";
				TargetAttributes = {
					49CC3B12204ADEB60041EE8C = {
						CreatedOnToolsVersion = 9.2;
						LastSwiftMigration = 1130;
						ProvisioningStyle = Automatic;
					};
					49CC3B26204ADEB70041EE8C = {
						CreatedOnToolsVersion = 9.2;
						LastSwiftMigration = 1130;
						ProvisioningStyle = Automatic;
						TestTargetID = 49CC3B12204ADEB60041EE8C;
					};
					49CC3B31204ADEB70041EE8C = {
						CreatedOnToolsVersion = 9.2;
						LastSwiftMigration = 1130;
						ProvisioningStyle = Automatic;
						TestTargetID = 49CC3B12204ADEB60041EE8C;
					};
				};
			};
			buildConfigurationList = 49CC3B0E204ADEB60041EE8C /* Build configuration list for PBXProject "FT_simple" */;
			compatibilityVersion = "Xcode 8.0";
			developmentRegion = en;
			hasScannedForEncodings = 0;
			knownRegions = (
				en,
				Base,
			);
			mainGroup = 49CC3B0A204ADEB60041EE8C;
			productRefGroup = 49CC3B14204ADEB60041EE8C /* Products */;
			projectDirPath = "";
			projectRoot = "";
			targets = (
				49CC3B12204ADEB60041EE8C /* FT_simple */,
				49CC3B26204ADEB70041EE8C /* FT_simpleTests */,
				49CC3B31204ADEB70041EE8C /* FT_simpleUITests */,
			);
		};
/* End PBXProject section */

/* Begin PBXResourcesBuildPhase section */
		49CC3B11204ADEB60041EE8C /* Resources */ = {
			isa = PBXResourcesBuildPhase;
			buildActionMask = 2147483647;
			files = (
				49CC3B21204ADEB70041EE8C /* LaunchScreen.storyboard in Resources */,
				49CC3B1E204ADEB60041EE8C /* Assets.xcassets in Resources */,
				49CC3B1C204ADEB60041EE8C /* Main.storyboard in Resources */,
			);
			runOnlyForDeploymentPostprocessing = 0;
		};
		49CC3B25204ADEB70041EE8C /* Resources */ = {
			isa = PBXResourcesBuildPhase;
			buildActionMask = 2147483647;
			files = (
			);
			runOnlyForDeploymentPostprocessing = 0;
		};
		49CC3B30204ADEB70041EE8C /* Resources */ = {
			isa = PBXResourcesBuildPhase;
			buildActionMask = 2147483647;
			files = (
			);
			runOnlyForDeploymentPostprocessing = 0;
		};
/* End PBXResourcesBuildPhase section */

/* Begin PBXSourcesBuildPhase section */
		49CC3B0F204ADEB60041EE8C /* Sources */ = {
			isa = PBXSourcesBuildPhase;
			buildActionMask = 2147483647;
			files = (
				49CC3B45204ADEFB0041EE8C /* FT_model.swift in Sources */,
				49CC3B19204ADEB60041EE8C /* ViewController.swift in Sources */,
				49CC3B17204ADEB60041EE8C /* AppDelegate.swift in Sources */,
			);
			runOnlyForDeploymentPostprocessing = 0;
		};
		49CC3B23204ADEB70041EE8C /* Sources */ = {
			isa = PBXSourcesBuildPhase;
			buildActionMask = 2147483647;
			files = (
				49CC3B2C204ADEB70041EE8C /* FT_simpleTests.swift in Sources */,
			);
			runOnlyForDeploymentPostprocessing = 0;
		};
		49CC3B2E204ADEB70041EE8C /* Sources */ = {
			isa = PBXSourcesBuildPhase;
			buildActionMask = 2147483647;
			files = (
				49CC3B37204ADEB70041EE8C /* FT_simpleUITests.swift in Sources */,
			);
			runOnlyForDeploymentPostprocessing = 0;
		};
/* End PBXSourcesBuildPhase section */

/* Begin PBXTargetDependency section */
		49CC3B29204ADEB70041EE8C /* PBXTargetDependency */ = {
			isa = PBXTargetDependency;
			target = 49CC3B12204ADEB60041EE8C /* FT_simple */;
			targetProxy = 49CC3B28204ADEB70041EE8C /* PBXContainerItemProxy */;
		};
		49CC3B34204ADEB70041EE8C /* PBXTargetDependency */ = {
			isa = PBXTargetDependency;
			target = 49CC3B12204ADEB60041EE8C /* FT_simple */;
			targetProxy = 49CC3B33204ADEB70041EE8C /* PBXContainerItemProxy */;
		};
/* End PBXTargetDependency section */

/* Begin PBXVariantGroup section */
		49CC3B1A204ADEB60041EE8C /* Main.storyboard */ = {
			isa = PBXVariantGroup;
			children = (
				49CC3B1B204ADEB60041EE8C /* Base */,
			);
			name = Main.storyboard;
			sourceTree = "<group>";
		};
		49CC3B1F204ADEB60041EE8C /* LaunchScreen.storyboard */ = {
			isa = PBXVariantGroup;
			children = (
				49CC3B20204ADEB60041EE8C /* Base */,
			);
			name = LaunchScreen.storyboard;
			sourceTree = "<group>";
		};
/* End PBXVariantGroup section */

/* Begin XCBuildConfiguration section */
		49CC3B39204ADEB70041EE8C /* Debug */ = {
			isa = XCBuildConfiguration;
			buildSettings = {
				ALWAYS_SEARCH_USER_PATHS = NO;
				CLANG_ANALYZER_NONNULL = YES;
				CLANG_ANALYZER_NUMBER_OBJECT_CONVERSION = YES_AGGRESSIVE;
				CLANG_CXX_LANGUAGE_STANDARD = "gnu++14";
				CLANG_CXX_LIBRARY = "libc++";
				CLANG_ENABLE_MODULES = YES;
				CLANG_ENABLE_OBJC_ARC = YES;
				CLANG_WARN_BLOCK_CAPTURE_AUTORELEASING = YES;
				CLANG_WARN_BOOL_CONVERSION = YES;
				CLANG_WARN_COMMA = YES;
				CLANG_WARN_CONSTANT_CONVERSION = YES;
				CLANG_WARN_DEPRECATED_OBJC_IMPLEMENTATIONS = YES;
				CLANG_WARN_DIRECT_OBJC_ISA_USAGE = YES_ERROR;
				CLANG_WARN_DOCUMENTATION_COMMENTS = YES;
				CLANG_WARN_EMPTY_BODY = YES;
				CLANG_WARN_ENUM_CONVERSION = YES;
				CLANG_WARN_INFINITE_RECURSION = YES;
				CLANG_WARN_INT_CONVERSION = YES;
				CLANG_WARN_NON_LITERAL_NULL_CONVERSION = YES;
				CLANG_WARN_OBJC_IMPLICIT_RETAIN_SELF = YES;
				CLANG_WARN_OBJC_LITERAL_CONVERSION = YES;
				CLANG_WARN_OBJC_ROOT_CLASS = YES_ERROR;
				CLANG_WARN_RANGE_LOOP_ANALYSIS = YES;
				CLANG_WARN_STRICT_PROTOTYPES = YES;
				CLANG_WARN_SUSPICIOUS_MOVE = YES;
				CLANG_WARN_UNGUARDED_AVAILABILITY = YES_AGGRESSIVE;
				CLANG_WARN_UNREACHABLE_CODE = YES;
				CLANG_WARN__DUPLICATE_METHOD_MATCH = YES;
				CODE_SIGN_IDENTITY = "iPhone Developer";
				COPY_PHASE_STRIP = NO;
				DEBUG_INFORMATION_FORMAT = dwarf;
				ENABLE_STRICT_OBJC_MSGSEND = YES;
				ENABLE_TESTABILITY = YES;
				GCC_C_LANGUAGE_STANDARD = gnu11;
				GCC_DYNAMIC_NO_PIC = NO;
				GCC_NO_COMMON_BLOCKS = YES;
				GCC_OPTIMIZATION_LEVEL = 0;
				GCC_PREPROCESSOR_DEFINITIONS = (
					"DEBUG=1",
					"$(inherited)",
				);
				GCC_WARN_64_TO_32_BIT_CONVERSION = YES;
				GCC_WARN_ABOUT_RETURN_TYPE = YES_ERROR;
				GCC_WARN_UNDECLARED_SELECTOR = YES;
				GCC_WARN_UNINITIALIZED_AUTOS = YES_AGGRESSIVE;
				GCC_WARN_UNUSED_FUNCTION = YES;
				GCC_WARN_UNUSED_VARIABLE = YES;
				IPHONEOS_DEPLOYMENT_TARGET = 11.2;
				MTL_ENABLE_DEBUG_INFO = YES;
				ONLY_ACTIVE_ARCH = YES;
				SDKROOT = iphoneos;
				SWIFT_ACTIVE_COMPILATION_CONDITIONS = DEBUG;
				SWIFT_OPTIMIZATION_LEVEL = "-Onone";
			};
			name = Debug;
		};
		49CC3B3A204ADEB70041EE8C /* Release */ = {
			isa = XCBuildConfiguration;
			buildSettings = {
				ALWAYS_SEARCH_USER_PATHS = NO;
				CLANG_ANALYZER_NONNULL = YES;
				CLANG_ANALYZER_NUMBER_OBJECT_CONVERSION = YES_AGGRESSIVE;
				CLANG_CXX_LANGUAGE_STANDARD = "gnu++14";
				CLANG_CXX_LIBRARY = "libc++";
				CLANG_ENABLE_MODULES = YES;
				CLANG_ENABLE_OBJC_ARC = YES;
				CLANG_WARN_BLOCK_CAPTURE_AUTORELEASING = YES;
				CLANG_WARN_BOOL_CONVERSION = YES;
				CLANG_WARN_COMMA = YES;
				CLANG_WARN_CONSTANT_CONVERSION = YES;
				CLANG_WARN_DEPRECATED_OBJC_IMPLEMENTATIONS = YES;
				CLANG_WARN_DIRECT_OBJC_ISA_USAGE = YES_ERROR;
				CLANG_WARN_DOCUMENTATION_COMMENTS = YES;
				CLANG_WARN_EMPTY_BODY = YES;
				CLANG_WARN_ENUM_CONVERSION = YES;
				CLANG_WARN_INFINITE_RECURSION = YES;
				CLANG_WARN_INT_CONVERSION = YES;
				CLANG_WARN_NON_LITERAL_NULL_CONVERSION = YES;
				CLANG_WARN_OBJC_IMPLICIT_RETAIN_SELF = YES;
				CLANG_WARN_OBJC_LITERAL_CONVERSION = YES;
				CLANG_WARN_OBJC_ROOT_CLASS = YES_ERROR;
				CLANG_WARN_RANGE_LOOP_ANALYSIS = YES;
				CLANG_WARN_STRICT_PROTOTYPES = YES;
				CLANG_WARN_SUSPICIOUS_MOVE = YES;
				CLANG_WARN_UNGUARDED_AVAILABILITY = YES_AGGRESSIVE;
				CLANG_WARN_UNREACHABLE_CODE = YES;
				CLANG_WARN__DUPLICATE_METHOD_MATCH = YES;
				CODE_SIGN_IDENTITY = "iPhone Developer";
				COPY_PHASE_STRIP = NO;
				DEBUG_INFORMATION_FORMAT = "dwarf-with-dsym";
				ENABLE_NS_ASSERTIONS = NO;
				ENABLE_STRICT_OBJC_MSGSEND = YES;
				GCC_C_LANGUAGE_STANDARD = gnu11;
				GCC_NO_COMMON_BLOCKS = YES;
				GCC_WARN_64_TO_32_BIT_CONVERSION = YES;
				GCC_WARN_ABOUT_RETURN_TYPE = YES_ERROR;
				GCC_WARN_UNDECLARED_SELECTOR = YES;
				GCC_WARN_UNINITIALIZED_AUTOS = YES_AGGRESSIVE;
				GCC_WARN_UNUSED_FUNCTION = YES;
				GCC_WARN_UNUSED_VARIABLE = YES;
				IPHONEOS_DEPLOYMENT_TARGET = 11.2;
				MTL_ENABLE_DEBUG_INFO = NO;
				SDKROOT = iphoneos;
				SWIFT_OPTIMIZATION_LEVEL = "-Owholemodule";
				VALIDATE_PRODUCT = YES;
			};
			name = Release;
		};
		49CC3B3C204ADEB70041EE8C /* Debug */ = {
			isa = XCBuildConfiguration;
			buildSettings = {
				ASSETCATALOG_COMPILER_APPICON_NAME = AppIcon;
				CODE_SIGN_STYLE = Automatic;
				DEVELOPMENT_TEAM = F6VSMN9TJS;
				INFOPLIST_FILE = FT_simple/Info.plist;
				LD_RUNPATH_SEARCH_PATHS = "$(inherited) @executable_path/Frameworks";
				PRODUCT_BUNDLE_IDENTIFIER = "com.icloud.hammarqvist.mats.FT-simple";
				PRODUCT_NAME = "$(TARGET_NAME)";
				SWIFT_VERSION = 5.0;
				TARGETED_DEVICE_FAMILY = "1,2";
			};
			name = Debug;
		};
		49CC3B3D204ADEB70041EE8C /* Release */ = {
			isa = XCBuildConfiguration;
			buildSettings = {
				ASSETCATALOG_COMPILER_APPICON_NAME = AppIcon;
				CODE_SIGN_STYLE = Automatic;
				DEVELOPMENT_TEAM = F6VSMN9TJS;
				INFOPLIST_FILE = FT_simple/Info.plist;
				LD_RUNPATH_SEARCH_PATHS = "$(inherited) @executable_path/Frameworks";
				PRODUCT_BUNDLE_IDENTIFIER = "com.icloud.hammarqvist.mats.FT-simple";
				PRODUCT_NAME = "$(TARGET_NAME)";
				SWIFT_VERSION = 5.0;
				TARGETED_DEVICE_FAMILY = "1,2";
			};
			name = Release;
		};
		49CC3B3F204ADEB70041EE8C /* Debug */ = {
			isa = XCBuildConfiguration;
			buildSettings = {
				ALWAYS_EMBED_SWIFT_STANDARD_LIBRARIES = YES;
				BUNDLE_LOADER = "$(TEST_HOST)";
				CODE_SIGN_STYLE = Automatic;
				DEVELOPMENT_TEAM = F6VSMN9TJS;
				INFOPLIST_FILE = FT_simpleTests/Info.plist;
				LD_RUNPATH_SEARCH_PATHS = "$(inherited) @executable_path/Frameworks @loader_path/Frameworks";
				PRODUCT_BUNDLE_IDENTIFIER = "com.icloud.hammarqvist.mats.FT-simpleTests";
				PRODUCT_NAME = "$(TARGET_NAME)";
				SWIFT_VERSION = 5.0;
				TARGETED_DEVICE_FAMILY = "1,2";
				TEST_HOST = "$(BUILT_PRODUCTS_DIR)/FT_simple.app/FT_simple";
			};
			name = Debug;
		};
		49CC3B40204ADEB70041EE8C /* Release */ = {
			isa = XCBuildConfiguration;
			buildSettings = {
				ALWAYS_EMBED_SWIFT_STANDARD_LIBRARIES = YES;
				BUNDLE_LOADER = "$(TEST_HOST)";
				CODE_SIGN_STYLE = Automatic;
				DEVELOPMENT_TEAM = F6VSMN9TJS;
				INFOPLIST_FILE = FT_simpleTests/Info.plist;
				LD_RUNPATH_SEARCH_PATHS = "$(inherited) @executable_path/Frameworks @loader_path/Frameworks";
				PRODUCT_BUNDLE_IDENTIFIER = "com.icloud.hammarqvist.mats.FT-simpleTests";
				PRODUCT_NAME = "$(TARGET_NAME)";
				SWIFT_VERSION = 5.0;
				TARGETED_DEVICE_FAMILY = "1,2";
				TEST_HOST = "$(BUILT_PRODUCTS_DIR)/FT_simple.app/FT_simple";
			};
			name = Release;
		};
		49CC3B42204ADEB70041EE8C /* Debug */ = {
			isa = XCBuildConfiguration;
			buildSettings = {
				ALWAYS_EMBED_SWIFT_STANDARD_LIBRARIES = YES;
				CODE_SIGN_STYLE = Automatic;
				DEVELOPMENT_TEAM = F6VSMN9TJS;
				INFOPLIST_FILE = FT_simpleUITests/Info.plist;
				LD_RUNPATH_SEARCH_PATHS = "$(inherited) @executable_path/Frameworks @loader_path/Frameworks";
				PRODUCT_BUNDLE_IDENTIFIER = "com.icloud.hammarqvist.mats.FT-simpleUITests";
				PRODUCT_NAME = "$(TARGET_NAME)";
				SWIFT_VERSION = 5.0;
				TARGETED_DEVICE_FAMILY = "1,2";
				TEST_TARGET_NAME = FT_simple;
			};
			name = Debug;
		};
		49CC3B43204ADEB70041EE8C /* Release */ = {
			isa = XCBuildConfiguration;
			buildSettings = {
				ALWAYS_EMBED_SWIFT_STANDARD_LIBRARIES = YES;
				CODE_SIGN_STYLE = Automatic;
				DEVELOPMENT_TEAM = F6VSMN9TJS;
				INFOPLIST_FILE = FT_simpleUITests/Info.plist;
				LD_RUNPATH_SEARCH_PATHS = "$(inherited) @executable_path/Frameworks @loader_path/Frameworks";
				PRODUCT_BUNDLE_IDENTIFIER = "com.icloud.hammarqvist.mats.FT-simpleUITests";
				PRODUCT_NAME = "$(TARGET_NAME)";
				SWIFT_VERSION = 5.0;
				TARGETED_DEVICE_FAMILY = "1,2";
				TEST_TARGET_NAME = FT_simple;
			};
			name = Release;
		};
/* End XCBuildConfiguration section */

/* Begin XCConfigurationList section */
		49CC3B0E204ADEB60041EE8C /* Build configuration list for PBXProject "FT_simple" */ = {
			isa = XCConfigurationList;
			buildConfigurations = (
				49CC3B39204ADEB70041EE8C /* Debug */,
				49CC3B3A204ADEB70041EE8C /* Release */,
			);
			defaultConfigurationIsVisible = 0;
			defaultConfigurationName = Release;
		};
		49CC3B3B204ADEB70041EE8C /* Build configuration list for PBXNativeTarget "FT_simple" */ = {
			isa = XCConfigurationList;
			buildConfigurations = (
				49CC3B3C204ADEB70041EE8C /* Debug */,
				49CC3B3D204ADEB70041EE8C /* Release */,
			);
			defaultConfigurationIsVisible = 0;
			defaultConfigurationName = Release;
		};
		49CC3B3E204ADEB70041EE8C /* Build configuration list for PBXNativeTarget "FT_simpleTests" */ = {
			isa = XCConfigurationList;
			buildConfigurations = (
				49CC3B3F204ADEB70041EE8C /* Debug */,
				49CC3B40204ADEB70041EE8C /* Release */,
			);
			defaultConfigurationIsVisible = 0;
			defaultConfigurationName = Release;
		};
		49CC3B41204ADEB70041EE8C /* Build configuration list for PBXNativeTarget "FT_simpleUITests" */ = {
			isa = XCConfigurationList;
			buildConfigurations = (
				49CC3B42204ADEB70041EE8C /* Debug */,
				49CC3B43204ADEB70041EE8C /* Release */,
			);
			defaultConfigurationIsVisible = 0;
			defaultConfigurationName = Release;
		};
/* End XCConfigurationList section */
	};
	rootObject = 49CC3B0B204ADEB60041EE8C /* Project object */;
}
